hash: 06d0f5b7167028f0d39067e9ae10f3c4768c2bec93a381ae0f8eb21f0b287a8b
updated: 2017-02-20T14:40:25.229775356-08:00
imports:
- name: github.com/gorilla/context
  version: 08b5f424b9271eedf6f9f0ce86cb9396ed337a42
- name: github.com/gorilla/mux
  version: 94e7d24fd285520f3d12ae998f7fdd6b5393d453
- name: github.com/polyverse-security/disasm
  version: e094780cd501857c63adf4c0cd807dd564ab83f9
- name: github.com/polyverse-security/masche
  version: c078bbe2a04aecf9fdb6356a4c50f1cd3d32d5d5
  subpackages:
  - common
  - cresponse
  - listlibs
  - memaccess
  - memsearch
  - process
testImports: []
